// !$*UTF8*$!
{
	archiveVersion = 1;
	classes = {
	};
	objectVersion = 56;
	objects = {

/* Begin PBXBuildFile section */
		6D162E122A7B266300874572 /* App0_DemoApp.swift in Sources */ = {isa = PBXBuildFile; fileRef = 6D162E112A7B266300874572 /* App0_DemoApp.swift */; };
		6D162E142A7B266300874572 /* ContentView.swift in Sources */ = {isa = PBXBuildFile; fileRef = 6D162E132A7B266300874572 /* ContentView.swift */; };
		6D162E162A7B266400874572 /* Assets.xcassets in Resources */ = {isa = PBXBuildFile; fileRef = 6D162E152A7B266400874572 /* Assets.xcassets */; };
		6D162E192A7B266400874572 /* Preview Assets.xcassets in Resources */ = {isa = PBXBuildFile; fileRef = 6D162E182A7B266400874572 /* Preview Assets.xcassets */; };
		6D162E232A7B266400874572 /* App0_DemoTests.swift in Sources */ = {isa = PBXBuildFile; fileRef = 6D162E222A7B266400874572 /* App0_DemoTests.swift */; };
		6D162E2D2A7B266400874572 /* App0_DemoUITests.swift in Sources */ = {isa = PBXBuildFile; fileRef = 6D162E2C2A7B266400874572 /* App0_DemoUITests.swift */; };
		6D162E2F2A7B266400874572 /* App0_DemoUITestsLaunchTests.swift in Sources */ = {isa = PBXBuildFile; fileRef = 6D162E2E2A7B266400874572 /* App0_DemoUITestsLaunchTests.swift */; };
/* End PBXBuildFile section */

/* Begin PBXContainerItemProxy section */
		6D162E1F2A7B266400874572 /* PBXContainerItemProxy */ = {
			isa = PBXContainerItemProxy;
			containerPortal = 6D162E062A7B266300874572 /* Project object */;
			proxyType = 1;
			remoteGlobalIDString = 6D162E0D2A7B266300874572;
			remoteInfo = "App0-Demo";
		};
		6D162E292A7B266400874572 /* PBXContainerItemProxy */ = {
			isa = PBXContainerItemProxy;
			containerPortal = 6D162E062A7B266300874572 /* Project object */;
			proxyType = 1;
			remoteGlobalIDString = 6D162E0D2A7B266300874572;
			remoteInfo = "App0-Demo";
		};
/* End PBXContainerItemProxy section */

/* Begin PBXFileReference section */
		6D162E0E2A7B266300874572 /* App0-Demo.app */ = {isa = PBXFileReference; explicitFileType = wrapper.application; includeInIndex = 0; path = "App0-Demo.app"; sourceTree = BUILT_PRODUCTS_DIR; };
		6D162E112A7B266300874572 /* App0_DemoApp.swift */ = {isa = PBXFileReference; lastKnownFileType = sourcecode.swift; path = App0_DemoApp.swift; sourceTree = "<group>"; };
		6D162E132A7B266300874572 /* ContentView.swift */ = {isa = PBXFileReference; lastKnownFileType = sourcecode.swift; path = ContentView.swift; sourceTree = "<group>"; };
		6D162E152A7B266400874572 /* Assets.xcassets */ = {isa = PBXFileReference; lastKnownFileType = folder.assetcatalog; path = Assets.xcassets; sourceTree = "<group>"; };
		6D162E182A7B266400874572 /* Preview Assets.xcassets */ = {isa = PBXFileReference; lastKnownFileType = folder.assetcatalog; path = "Preview Assets.xcassets"; sourceTree = "<group>"; };
		6D162E1E2A7B266400874572 /* App0-DemoTests.xctest */ = {isa = PBXFileReference; explicitFileType = wrapper.cfbundle; includeInIndex = 0; path = "App0-DemoTests.xctest"; sourceTree = BUILT_PRODUCTS_DIR; };
		6D162E222A7B266400874572 /* App0_DemoTests.swift */ = {isa = PBXFileReference; lastKnownFileType = sourcecode.swift; path = App0_DemoTests.swift; sourceTree = "<group>"; };
		6D162E282A7B266400874572 /* App0-DemoUITests.xctest */ = {isa = PBXFileReference; explicitFileType = wrapper.cfbundle; includeInIndex = 0; path = "App0-DemoUITests.xctest"; sourceTree = BUILT_PRODUCTS_DIR; };
		6D162E2C2A7B266400874572 /* App0_DemoUITests.swift */ = {isa = PBXFileReference; lastKnownFileType = sourcecode.swift; path = App0_DemoUITests.swift; sourceTree = "<group>"; };
		6D162E2E2A7B266400874572 /* App0_DemoUITestsLaunchTests.swift */ = {isa = PBXFileReference; lastKnownFileType = sourcecode.swift; path = App0_DemoUITestsLaunchTests.swift; sourceTree = "<group>"; };
/* End PBXFileReference section */

/* Begin PBXFrameworksBuildPhase section */
		6D162E0B2A7B266300874572 /* Frameworks */ = {
			isa = PBXFrameworksBuildPhase;
			buildActionMask = 2147483647;
			files = (
			);
			runOnlyForDeploymentPostprocessing = 0;
		};
		6D162E1B2A7B266400874572 /* Frameworks */ = {
			isa = PBXFrameworksBuildPhase;
			buildActionMask = 2147483647;
			files = (
			);
			runOnlyForDeploymentPostprocessing = 0;
		};
		6D162E252A7B266400874572 /* Frameworks */ = {
			isa = PBXFrameworksBuildPhase;
			buildActionMask = 2147483647;
			files = (
			);
			runOnlyForDeploymentPostprocessing = 0;
		};
/* End PBXFrameworksBuildPhase section */

/* Begin PBXGroup section */
		6D162E052A7B266300874572 = {
			isa = PBXGroup;
			children = (
				6D162E102A7B266300874572 /* App0-Demo */,
				6D162E212A7B266400874572 /* App0-DemoTests */,
				6D162E2B2A7B266400874572 /* App0-DemoUITests */,
				6D162E0F2A7B266300874572 /* Products */,
			);
			sourceTree = "<group>";
		};
		6D162E0F2A7B266300874572 /* Products */ = {
			isa = PBXGroup;
			children = (
				6D162E0E2A7B266300874572 /* App0-Demo.app */,
				6D162E1E2A7B266400874572 /* App0-DemoTests.xctest */,
				6D162E282A7B266400874572 /* App0-DemoUITests.xctest */,
			);
			name = Products;
			sourceTree = "<group>";
		};
		6D162E102A7B266300874572 /* App0-Demo */ = {
			isa = PBXGroup;
			children = (
				6D162E112A7B266300874572 /* App0_DemoApp.swift */,
				6D162E132A7B266300874572 /* ContentView.swift */,
				6D162E152A7B266400874572 /* Assets.xcassets */,
				6D162E172A7B266400874572 /* Preview Content */,
			);
			path = "App0-Demo";
			sourceTree = "<group>";
		};
		6D162E172A7B266400874572 /* Preview Content */ = {
			isa = PBXGroup;
			children = (
				6D162E182A7B266400874572 /* Preview Assets.xcassets */,
			);
			path = "Preview Content";
			sourceTree = "<group>";
		};
		6D162E212A7B266400874572 /* App0-DemoTests */ = {
			isa = PBXGroup;
			children = (
				6D162E222A7B266400874572 /* App0_DemoTests.swift */,
			);
			path = "App0-DemoTests";
			sourceTree = "<group>";
		};
		6D162E2B2A7B266400874572 /* App0-DemoUITests */ = {
			isa = PBXGroup;
			children = (
				6D162E2C2A7B266400874572 /* App0_DemoUITests.swift */,
				6D162E2E2A7B266400874572 /* App0_DemoUITestsLaunchTests.swift */,
			);
			path = "App0-DemoUITests";
			sourceTree = "<group>";
		};
/* End PBXGroup section */

/* Begin PBXNativeTarget section */
		6D162E0D2A7B266300874572 /* App0-Demo */ = {
			isa = PBXNativeTarget;
			buildConfigurationList = 6D162E322A7B266400874572 /* Build configuration list for PBXNativeTarget "App0-Demo" */;
			buildPhases = (
				6D162E0A2A7B266300874572 /* Sources */,
				6D162E0B2A7B266300874572 /* Frameworks */,
				6D162E0C2A7B266300874572 /* Resources */,
			);
			buildRules = (
			);
			dependencies = (
			);
			name = "App0-Demo";
			productName = "App0-Demo";
			productReference = 6D162E0E2A7B266300874572 /* App0-Demo.app */;
			productType = "com.apple.product-type.application";
		};
		6D162E1D2A7B266400874572 /* App0-DemoTests */ = {
			isa = PBXNativeTarget;
			buildConfigurationList = 6D162E352A7B266400874572 /* Build configuration list for PBXNativeTarget "App0-DemoTests" */;
			buildPhases = (
				6D162E1A2A7B266400874572 /* Sources */,
				6D162E1B2A7B266400874572 /* Frameworks */,
				6D162E1C2A7B266400874572 /* Resources */,
			);
			buildRules = (
			);
			dependencies = (
				6D162E202A7B266400874572 /* PBXTargetDependency */,
			);
			name = "App0-DemoTests";
			productName = "App0-DemoTests";
			productReference = 6D162E1E2A7B266400874572 /* App0-DemoTests.xctest */;
			productType = "com.apple.product-type.bundle.unit-test";
		};
		6D162E272A7B266400874572 /* App0-DemoUITests */ = {
			isa = PBXNativeTarget;
			buildConfigurationList = 6D162E382A7B266400874572 /* Build configuration list for PBXNativeTarget "App0-DemoUITests" */;
			buildPhases = (
				6D162E242A7B266400874572 /* Sources */,
				6D162E252A7B266400874572 /* Frameworks */,
				6D162E262A7B266400874572 /* Resources */,
			);
			buildRules = (
			);
			dependencies = (
				6D162E2A2A7B266400874572 /* PBXTargetDependency */,
			);
			name = "App0-DemoUITests";
			productName = "App0-DemoUITests";
			productReference = 6D162E282A7B266400874572 /* App0-DemoUITests.xctest */;
			productType = "com.apple.product-type.bundle.ui-testing";
		};
/* End PBXNativeTarget section */

/* Begin PBXProject section */
		6D162E062A7B266300874572 /* Project object */ = {
			isa = PBXProject;
			attributes = {
				BuildIndependentTargetsInParallel = 1;
				LastSwiftUpdateCheck = 1430;
				LastUpgradeCheck = 1430;
				TargetAttributes = {
					6D162E0D2A7B266300874572 = {
						CreatedOnToolsVersion = 14.3.1;
					};
					6D162E1D2A7B266400874572 = {
						CreatedOnToolsVersion = 14.3.1;
						TestTargetID = 6D162E0D2A7B266300874572;
					};
					6D162E272A7B266400874572 = {
						CreatedOnToolsVersion = 14.3.1;
						TestTargetID = 6D162E0D2A7B266300874572;
					};
				};
			};
			buildConfigurationList = 6D162E092A7B266300874572 /* Build configuration list for PBXProject "App0-Demo" */;
			compatibilityVersion = "Xcode 14.0";
			developmentRegion = en;
			hasScannedForEncodings = 0;
			knownRegions = (
				en,
				Base,
			);
			mainGroup = 6D162E052A7B266300874572;
			productRefGroup = 6D162E0F2A7B266300874572 /* Products */;
			projectDirPath = "";
			projectRoot = "";
			targets = (
				6D162E0D2A7B266300874572 /* App0-Demo */,
				6D162E1D2A7B266400874572 /* App0-DemoTests */,
				6D162E272A7B266400874572 /* App0-DemoUITests */,
			);
		};
/* End PBXProject section */

/* Begin PBXResourcesBuildPhase section */
		6D162E0C2A7B266300874572 /* Resources */ = {
			isa = PBXResourcesBuildPhase;
			buildActionMask = 2147483647;
			files = (
				6D162E192A7B266400874572 /* Preview Assets.xcassets in Resources */,
				6D162E162A7B266400874572 /* Assets.xcassets in Resources */,
			);
			runOnlyForDeploymentPostprocessing = 0;
		};
		6D162E1C2A7B266400874572 /* Resources */ = {
			isa = PBXResourcesBuildPhase;
			buildActionMask = 2147483647;
			files = (
			);
			runOnlyForDeploymentPostprocessing = 0;
		};
		6D162E262A7B266400874572 /* Resources */ = {
			isa = PBXResourcesBuildPhase;
			buildActionMask = 2147483647;
			files = (
			);
			runOnlyForDeploymentPostprocessing = 0;
		};
/* End PBXResourcesBuildPhase section */

/* Begin PBXSourcesBuildPhase section */
		6D162E0A2A7B266300874572 /* Sources */ = {
			isa = PBXSourcesBuildPhase;
			buildActionMask = 2147483647;
			files = (
				6D162E142A7B266300874572 /* ContentView.swift in Sources */,
				6D162E122A7B266300874572 /* App0_DemoApp.swift in Sources */,
			);
			runOnlyForDeploymentPostprocessing = 0;
		};
		6D162E1A2A7B266400874572 /* Sources */ = {
			isa = PBXSourcesBuildPhase;
			buildActionMask = 2147483647;
			files = (
				6D162E232A7B266400874572 /* App0_DemoTests.swift in Sources */,
			);
			runOnlyForDeploymentPostprocessing = 0;
		};
		6D162E242A7B266400874572 /* Sources */ = {
			isa = PBXSourcesBuildPhase;
			buildActionMask = 2147483647;
			files = (
				6D162E2F2A7B266400874572 /* App0_DemoUITestsLaunchTests.swift in Sources */,
				6D162E2D2A7B266400874572 /* App0_DemoUITests.swift in Sources */,
			);
			runOnlyForDeploymentPostprocessing = 0;
		};
/* End PBXSourcesBuildPhase section */

/* Begin PBXTargetDependency section */
		6D162E202A7B266400874572 /* PBXTargetDependency */ = {
			isa = PBXTargetDependency;
			target = 6D162E0D2A7B266300874572 /* App0-Demo */;
			targetProxy = 6D162E1F2A7B266400874572 /* PBXContainerItemProxy */;
		};
		6D162E2A2A7B266400874572 /* PBXTargetDependency */ = {
			isa = PBXTargetDependency;
			target = 6D162E0D2A7B266300874572 /* App0-Demo */;
			targetProxy = 6D162E292A7B266400874572 /* PBXContainerItemProxy */;
		};
/* End PBXTargetDependency section */

/* Begin XCBuildConfiguration section */
		6D162E302A7B266400874572 /* Debug */ = {
			isa = XCBuildConfiguration;
			buildSettings = {
				ALWAYS_SEARCH_USER_PATHS = NO;
				CLANG_ANALYZER_NONNULL = YES;
				CLANG_ANALYZER_NUMBER_OBJECT_CONVERSION = YES_AGGRESSIVE;
				CLANG_CXX_LANGUAGE_STANDARD = "gnu++20";
				CLANG_ENABLE_MODULES = YES;
				CLANG_ENABLE_OBJC_ARC = YES;
				CLANG_ENABLE_OBJC_WEAK = YES;
				CLANG_WARN_BLOCK_CAPTURE_AUTORELEASING = YES;
				CLANG_WARN_BOOL_CONVERSION = YES;
				CLANG_WARN_COMMA = YES;
				CLANG_WARN_CONSTANT_CONVERSION = YES;
				CLANG_WARN_DEPRECATED_OBJC_IMPLEMENTATIONS = YES;
				CLANG_WARN_DIRECT_OBJC_ISA_USAGE = YES_ERROR;
				CLANG_WARN_DOCUMENTATION_COMMENTS = YES;
				CLANG_WARN_EMPTY_BODY = YES;
				CLANG_WARN_ENUM_CONVERSION = YES;
				CLANG_WARN_INFINITE_RECURSION = YES;
				CLANG_WARN_INT_CONVERSION = YES;
				CLANG_WARN_NON_LITERAL_NULL_CONVERSION = YES;
				CLANG_WARN_OBJC_IMPLICIT_RETAIN_SELF = YES;
				CLANG_WARN_OBJC_LITERAL_CONVERSION = YES;
				CLANG_WARN_OBJC_ROOT_CLASS = YES_ERROR;
				CLANG_WARN_QUOTED_INCLUDE_IN_FRAMEWORK_HEADER = YES;
				CLANG_WARN_RANGE_LOOP_ANALYSIS = YES;
				CLANG_WARN_STRICT_PROTOTYPES = YES;
				CLANG_WARN_SUSPICIOUS_MOVE = YES;
				CLANG_WARN_UNGUARDED_AVAILABILITY = YES_AGGRESSIVE;
				CLANG_WARN_UNREACHABLE_CODE = YES;
				CLANG_WARN__DUPLICATE_METHOD_MATCH = YES;
				COPY_PHASE_STRIP = NO;
				DEBUG_INFORMATION_FORMAT = dwarf;
				ENABLE_STRICT_OBJC_MSGSEND = YES;
				ENABLE_TESTABILITY = YES;
				GCC_C_LANGUAGE_STANDARD = gnu11;
				GCC_DYNAMIC_NO_PIC = NO;
				GCC_NO_COMMON_BLOCKS = YES;
				GCC_OPTIMIZATION_LEVEL = 0;
				GCC_PREPROCESSOR_DEFINITIONS = (
					"DEBUG=1",
					"$(inherited)",
				);
				GCC_WARN_64_TO_32_BIT_CONVERSION = YES;
				GCC_WARN_ABOUT_RETURN_TYPE = YES_ERROR;
				GCC_WARN_UNDECLARED_SELECTOR = YES;
				GCC_WARN_UNINITIALIZED_AUTOS = YES_AGGRESSIVE;
				GCC_WARN_UNUSED_FUNCTION = YES;
				GCC_WARN_UNUSED_VARIABLE = YES;
				IPHONEOS_DEPLOYMENT_TARGET = 16.4;
				MTL_ENABLE_DEBUG_INFO = INCLUDE_SOURCE;
				MTL_FAST_MATH = YES;
				ONLY_ACTIVE_ARCH = YES;
				SDKROOT = iphoneos;
				SWIFT_ACTIVE_COMPILATION_CONDITIONS = DEBUG;
				SWIFT_OPTIMIZATION_LEVEL = "-Onone";
			};
			name = Debug;
		};
		6D162E312A7B266400874572 /* Release */ = {
			isa = XCBuildConfiguration;
			buildSettings = {
				ALWAYS_SEARCH_USER_PATHS = NO;
				CLANG_ANALYZER_NONNULL = YES;
				CLANG_ANALYZER_NUMBER_OBJECT_CONVERSION = YES_AGGRESSIVE;
				CLANG_CXX_LANGUAGE_STANDARD = "gnu++20";
				CLANG_ENABLE_MODULES = YES;
				CLANG_ENABLE_OBJC_ARC = YES;
				CLANG_ENABLE_OBJC_WEAK = YES;
				CLANG_WARN_BLOCK_CAPTURE_AUTORELEASING = YES;
				CLANG_WARN_BOOL_CONVERSION = YES;
				CLANG_WARN_COMMA = YES;
				CLANG_WARN_CONSTANT_CONVERSION = YES;
				CLANG_WARN_DEPRECATED_OBJC_IMPLEMENTATIONS = YES;
				CLANG_WARN_DIRECT_OBJC_ISA_USAGE = YES_ERROR;
				CLANG_WARN_DOCUMENTATION_COMMENTS = YES;
				CLANG_WARN_EMPTY_BODY = YES;
				CLANG_WARN_ENUM_CONVERSION = YES;
				CLANG_WARN_INFINITE_RECURSION = YES;
				CLANG_WARN_INT_CONVERSION = YES;
				CLANG_WARN_NON_LITERAL_NULL_CONVERSION = YES;
				CLANG_WARN_OBJC_IMPLICIT_RETAIN_SELF = YES;
				CLANG_WARN_OBJC_LITERAL_CONVERSION = YES;
				CLANG_WARN_OBJC_ROOT_CLASS = YES_ERROR;
				CLANG_WARN_QUOTED_INCLUDE_IN_FRAMEWORK_HEADER = YES;
				CLANG_WARN_RANGE_LOOP_ANALYSIS = YES;
				CLANG_WARN_STRICT_PROTOTYPES = YES;
				CLANG_WARN_SUSPICIOUS_MOVE = YES;
				CLANG_WARN_UNGUARDED_AVAILABILITY = YES_AGGRESSIVE;
				CLANG_WARN_UNREACHABLE_CODE = YES;
				CLANG_WARN__DUPLICATE_METHOD_MATCH = YES;
				COPY_PHASE_STRIP = NO;
				DEBUG_INFORMATION_FORMAT = "dwarf-with-dsym";
				ENABLE_NS_ASSERTIONS = NO;
				ENABLE_STRICT_OBJC_MSGSEND = YES;
				GCC_C_LANGUAGE_STANDARD = gnu11;
				GCC_NO_COMMON_BLOCKS = YES;
				GCC_WARN_64_TO_32_BIT_CONVERSION = YES;
				GCC_WARN_ABOUT_RETURN_TYPE = YES_ERROR;
				GCC_WARN_UNDECLARED_SELECTOR = YES;
				GCC_WARN_UNINITIALIZED_AUTOS = YES_AGGRESSIVE;
				GCC_WARN_UNUSED_FUNCTION = YES;
				GCC_WARN_UNUSED_VARIABLE = YES;
				IPHONEOS_DEPLOYMENT_TARGET = 16.4;
				MTL_ENABLE_DEBUG_INFO = NO;
				MTL_FAST_MATH = YES;
				SDKROOT = iphoneos;
				SWIFT_COMPILATION_MODE = wholemodule;
				SWIFT_OPTIMIZATION_LEVEL = "-O";
				VALIDATE_PRODUCT = YES;
			};
			name = Release;
		};
		6D162E332A7B266400874572 /* Debug */ = {
			isa = XCBuildConfiguration;
			buildSettings = {
				ASSETCATALOG_COMPILER_APPICON_NAME = AppIcon;
				ASSETCATALOG_COMPILER_GLOBAL_ACCENT_COLOR_NAME = AccentColor;
				CODE_SIGN_STYLE = Automatic;
				CURRENT_PROJECT_VERSION = 1;
				DEVELOPMENT_ASSET_PATHS = "\"App0-Demo/Preview Content\"";
				ENABLE_PREVIEWS = YES;
				GENERATE_INFOPLIST_FILE = YES;
				INFOPLIST_KEY_UIApplicationSceneManifest_Generation = YES;
				INFOPLIST_KEY_UIApplicationSupportsIndirectInputEvents = YES;
				INFOPLIST_KEY_UILaunchScreen_Generation = YES;
				INFOPLIST_KEY_UISupportedInterfaceOrientations_iPad = "UIInterfaceOrientationPortrait UIInterfaceOrientationPortraitUpsideDown UIInterfaceOrientationLandscapeLeft UIInterfaceOrientationLandscapeRight";
				INFOPLIST_KEY_UISupportedInterfaceOrientations_iPhone = "UIInterfaceOrientationPortrait UIInterfaceOrientationLandscapeLeft UIInterfaceOrientationLandscapeRight";
				LD_RUNPATH_SEARCH_PATHS = (
					"$(inherited)",
					"@executable_path/Frameworks",
				);
				MARKETING_VERSION = 1.0;
				PRODUCT_BUNDLE_IDENTIFIER = "Beta.App0-Demo";
				PRODUCT_NAME = "$(TARGET_NAME)";
				SWIFT_EMIT_LOC_STRINGS = YES;
				SWIFT_VERSION = 5.0;
				TARGETED_DEVICE_FAMILY = "1,2";
			};
			name = Debug;
		};
		6D162E342A7B266400874572 /* Release */ = {
			isa = XCBuildConfiguration;
			buildSettings = {
				ASSETCATALOG_COMPILER_APPICON_NAME = AppIcon;
				ASSETCATALOG_COMPILER_GLOBAL_ACCENT_COLOR_NAME = AccentColor;
				CODE_SIGN_STYLE = Automatic;
				CURRENT_PROJECT_VERSION = 1;
				DEVELOPMENT_ASSET_PATHS = "\"App0-Demo/Preview Content\"";
				ENABLE_PREVIEWS = YES;
				GENERATE_INFOPLIST_FILE = YES;
				INFOPLIST_KEY_UIApplicationSceneManifest_Generation = YES;
				INFOPLIST_KEY_UIApplicationSupportsIndirectInputEvents = YES;
				INFOPLIST_KEY_UILaunchScreen_Generation = YES;
				INFOPLIST_KEY_UISupportedInterfaceOrientations_iPad = "UIInterfaceOrientationPortrait UIInterfaceOrientationPortraitUpsideDown UIInterfaceOrientationLandscapeLeft UIInterfaceOrientationLandscapeRight";
				INFOPLIST_KEY_UISupportedInterfaceOrientations_iPhone = "UIInterfaceOrientationPortrait UIInterfaceOrientationLandscapeLeft UIInterfaceOrientationLandscapeRight";
				LD_RUNPATH_SEARCH_PATHS = (
					"$(inherited)",
					"@executable_path/Frameworks",
				);
				MARKETING_VERSION = 1.0;
				PRODUCT_BUNDLE_IDENTIFIER = "Beta.App0-Demo";
				PRODUCT_NAME = "$(TARGET_NAME)";
				SWIFT_EMIT_LOC_STRINGS = YES;
				SWIFT_VERSION = 5.0;
				TARGETED_DEVICE_FAMILY = "1,2";
			};
			name = Release;
		};
		6D162E362A7B266400874572 /* Debug */ = {
			isa = XCBuildConfiguration;
			buildSettings = {
				ALWAYS_EMBED_SWIFT_STANDARD_LIBRARIES = YES;
				BUNDLE_LOADER = "$(TEST_HOST)";
				CODE_SIGN_STYLE = Automatic;
				CURRENT_PROJECT_VERSION = 1;
				GENERATE_INFOPLIST_FILE = YES;
				IPHONEOS_DEPLOYMENT_TARGET = 16.4;
				MARKETING_VERSION = 1.0;
				PRODUCT_BUNDLE_IDENTIFIER = "Beta.App0-DemoTests";
				PRODUCT_NAME = "$(TARGET_NAME)";
				SWIFT_EMIT_LOC_STRINGS = NO;
				SWIFT_VERSION = 5.0;
				TARGETED_DEVICE_FAMILY = "1,2";
				TEST_HOST = "$(BUILT_PRODUCTS_DIR)/App0-Demo.app/$(BUNDLE_EXECUTABLE_FOLDER_PATH)/App0-Demo";
			};
			name = Debug;
		};
		6D162E372A7B266400874572 /* Release */ = {
			isa = XCBuildConfiguration;
			buildSettings = {
				ALWAYS_EMBED_SWIFT_STANDARD_LIBRARIES = YES;
				BUNDLE_LOADER = "$(TEST_HOST)";
				CODE_SIGN_STYLE = Automatic;
				CURRENT_PROJECT_VERSION = 1;
				GENERATE_INFOPLIST_FILE = YES;
				IPHONEOS_DEPLOYMENT_TARGET = 16.4;
				MARKETING_VERSION = 1.0;
				PRODUCT_BUNDLE_IDENTIFIER = "Beta.App0-DemoTests";
				PRODUCT_NAME = "$(TARGET_NAME)";
				SWIFT_EMIT_LOC_STRINGS = NO;
				SWIFT_VERSION = 5.0;
				TARGETED_DEVICE_FAMILY = "1,2";
				TEST_HOST = "$(BUILT_PRODUCTS_DIR)/App0-Demo.app/$(BUNDLE_EXECUTABLE_FOLDER_PATH)/App0-Demo";
			};
			name = Release;
		};
		6D162E392A7B266400874572 /* Debug */ = {
			isa = XCBuildConfiguration;
			buildSettings = {
				ALWAYS_EMBED_SWIFT_STANDARD_LIBRARIES = YES;
				CODE_SIGN_STYLE = Automatic;
				CURRENT_PROJECT_VERSION = 1;
				GENERATE_INFOPLIST_FILE = YES;
				MARKETING_VERSION = 1.0;
				PRODUCT_BUNDLE_IDENTIFIER = "Beta.App0-DemoUITests";
				PRODUCT_NAME = "$(TARGET_NAME)";
				SWIFT_EMIT_LOC_STRINGS = NO;
				SWIFT_VERSION = 5.0;
				TARGETED_DEVICE_FAMILY = "1,2";
				TEST_TARGET_NAME = "App0-Demo";
			};
			name = Debug;
		};
		6D162E3A2A7B266400874572 /* Release */ = {
			isa = XCBuildConfiguration;
			buildSettings = {
				ALWAYS_EMBED_SWIFT_STANDARD_LIBRARIES = YES;
				CODE_SIGN_STYLE = Automatic;
				CURRENT_PROJECT_VERSION = 1;
				GENERATE_INFOPLIST_FILE = YES;
				MARKETING_VERSION = 1.0;
				PRODUCT_BUNDLE_IDENTIFIER = "Beta.App0-DemoUITests";
				PRODUCT_NAME = "$(TARGET_NAME)";
				SWIFT_EMIT_LOC_STRINGS = NO;
				SWIFT_VERSION = 5.0;
				TARGETED_DEVICE_FAMILY = "1,2";
				TEST_TARGET_NAME = "App0-Demo";
			};
			name = Release;
		};
/* End XCBuildConfiguration section */

/* Begin XCConfigurationList section */
		6D162E092A7B266300874572 /* Build configuration list for PBXProject "App0-Demo" */ = {
			isa = XCConfigurationList;
			buildConfigurations = (
				6D162E302A7B266400874572 /* Debug */,
				6D162E312A7B266400874572 /* Release */,
			);
			defaultConfigurationIsVisible = 0;
			defaultConfigurationName = Release;
		};
		6D162E322A7B266400874572 /* Build configuration list for PBXNativeTarget "App0-Demo" */ = {
			isa = XCConfigurationList;
			buildConfigurations = (
				6D162E332A7B266400874572 /* Debug */,
				6D162E342A7B266400874572 /* Release */,
			);
			defaultConfigurationIsVisible = 0;
			defaultConfigurationName = Release;
		};
		6D162E352A7B266400874572 /* Build configuration list for PBXNativeTarget "App0-DemoTests" */ = {
			isa = XCConfigurationList;
			buildConfigurations = (
				6D162E362A7B266400874572 /* Debug */,
				6D162E372A7B266400874572 /* Release */,
			);
			defaultConfigurationIsVisible = 0;
			defaultConfigurationName = Release;
		};
		6D162E382A7B266400874572 /* Build configuration list for PBXNativeTarget "App0-DemoUITests" */ = {
			isa = XCConfigurationList;
			buildConfigurations = (
				6D162E392A7B266400874572 /* Debug */,
				6D162E3A2A7B266400874572 /* Release */,
			);
			defaultConfigurationIsVisible = 0;
			defaultConfigurationName = Release;
		};
/* End XCConfigurationList section */
	};
	rootObject = 6D162E062A7B266300874572 /* Project object */;
}
